
Microsoft Visual Studio Solution File, Format Version 12.00
# Visual Studio Version 16
VisualStudioVersion = 16.0.31112.23
MinimumVisualStudioVersion = 10.0.40219.1
Project("{FAE04EC0-301F-11D3-BF4B-00C04F79EFBC}") = "cwiczenia_3", "cwiczenia_3\cwiczenia_3.csproj", "{1789E5A4-826D-4125-8A92-E4FAC1A2BD4C}"
EndProject
Global
	GlobalSection(SolutionConfigurationPlatforms) = preSolution
		Debug|Any CPU = Debug|Any CPU
		Release|Any CPU = Release|Any CPU
	EndGlobalSection
	GlobalSection(ProjectConfigurationPlatforms) = postSolution
		{1789E5A4-826D-4125-8A92-E4FAC1A2BD4C}.Debug|Any CPU.ActiveCfg = Debug|Any CPU
		{1789E5A4-826D-4125-8A92-E4FAC1A2BD4C}.Debug|Any CPU.Build.0 = Debug|Any CPU
		{1789E5A4-826D-4125-8A92-E4FAC1A2BD4C}.Release|Any CPU.ActiveCfg = Release|Any CPU
		{1789E5A4-826D-4125-8A92-E4FAC1A2BD4C}.Release|Any CPU.Build.0 = Release|Any CPU
	EndGlobalSection
	GlobalSection(SolutionProperties) = preSolution
		HideSolutionNode = FALSE
	EndGlobalSection
	GlobalSection(ExtensibilityGlobals) = postSolution
		SolutionGuid = {E4ADC20B-155A-4D93-93CA-CDFB8982B290}
	EndGlobalSection
EndGlobal
